// !$*UTF8*$!
{
	archiveVersion = 1;
	classes = {
	};
	objectVersion = 56;
	objects = {

/* Begin PBXBuildFile section */
		53427A012B1128A4004F61F6 /* GetOrderFile.swift in Sources */ = {isa = PBXBuildFile; fileRef = 53427A002B1128A4004F61F6 /* GetOrderFile.swift */; };
		539C60C12AFEF9EF00AB10F2 /* OrdenManagerBarView.swift in Sources */ = {isa = PBXBuildFile; fileRef = 539C60C02AFEF9EF00AB10F2 /* OrdenManagerBarView.swift */; };
		539C60C32AFF042500AB10F2 /* ProfileManagerView.swift in Sources */ = {isa = PBXBuildFile; fileRef = 539C60C22AFF042500AB10F2 /* ProfileManagerView.swift */; };
		539C60C52AFF08BC00AB10F2 /* LandingManagerView.swift in Sources */ = {isa = PBXBuildFile; fileRef = 539C60C42AFF08BC00AB10F2 /* LandingManagerView.swift */; };
		539C60C72AFF0BBB00AB10F2 /* DetalleOrdenManagerView.swift in Sources */ = {isa = PBXBuildFile; fileRef = 539C60C62AFF0BBB00AB10F2 /* DetalleOrdenManagerView.swift */; };
		539C60CD2AFF3D8100AB10F2 /* ManagerProfileView.swift in Sources */ = {isa = PBXBuildFile; fileRef = 539C60CC2AFF3D8100AB10F2 /* ManagerProfileView.swift */; };
		539C60CF2B01647300AB10F2 /* ManagerView.swift in Sources */ = {isa = PBXBuildFile; fileRef = 539C60CE2B01647300AB10F2 /* ManagerView.swift */; };
		539C60D12B01705E00AB10F2 /* ManagerOrderView.swift in Sources */ = {isa = PBXBuildFile; fileRef = 539C60D02B01705E00AB10F2 /* ManagerOrderView.swift */; };
		FB1491452AE04F9900C29C1E /* manitasAPP_mcApp.swift in Sources */ = {isa = PBXBuildFile; fileRef = FB1491442AE04F9900C29C1E /* manitasAPP_mcApp.swift */; };
		FB1491472AE04F9900C29C1E /* ContentView.swift in Sources */ = {isa = PBXBuildFile; fileRef = FB1491462AE04F9900C29C1E /* ContentView.swift */; };
		FB1491492AE04F9A00C29C1E /* Assets.xcassets in Resources */ = {isa = PBXBuildFile; fileRef = FB1491482AE04F9A00C29C1E /* Assets.xcassets */; };
		FB14914C2AE04F9A00C29C1E /* Preview Assets.xcassets in Resources */ = {isa = PBXBuildFile; fileRef = FB14914B2AE04F9A00C29C1E /* Preview Assets.xcassets */; };
		FB1491532AE04FF000C29C1E /* LandingView.swift in Sources */ = {isa = PBXBuildFile; fileRef = FB1491522AE04FF000C29C1E /* LandingView.swift */; };
		FB1491552AE04FFF00C29C1E /* DetalleOrdenView.swift in Sources */ = {isa = PBXBuildFile; fileRef = FB1491542AE04FFF00C29C1E /* DetalleOrdenView.swift */; };
		FB14915A2AE0570B00C29C1E /* ProfileBarView.swift in Sources */ = {isa = PBXBuildFile; fileRef = FB1491592AE0570B00C29C1E /* ProfileBarView.swift */; };
		FB14915F2AE075C000C29C1E /* OrdenBarView.swift in Sources */ = {isa = PBXBuildFile; fileRef = FB14915E2AE075C000C29C1E /* OrdenBarView.swift */; };
		FB1491612AE19FB100C29C1E /* ProfileView.swift in Sources */ = {isa = PBXBuildFile; fileRef = FB1491602AE19FB100C29C1E /* ProfileView.swift */; };
		FB1491632AE1B0E900C29C1E /* TabView.swift in Sources */ = {isa = PBXBuildFile; fileRef = FB1491622AE1B0E900C29C1E /* TabView.swift */; };
		FB23D5642B1111B4008371A6 /* ChangeEmployeeFile.swift in Sources */ = {isa = PBXBuildFile; fileRef = FB23D5632B1111B4008371A6 /* ChangeEmployeeFile.swift */; };
		FB23D5662B1112C3008371A6 /* CrashModel.swift in Sources */ = {isa = PBXBuildFile; fileRef = FB23D5652B1112C3008371A6 /* CrashModel.swift */; };
		FB23D5682B1112F1008371A6 /* AppDelegate.swift in Sources */ = {isa = PBXBuildFile; fileRef = FB23D5672B1112F1008371A6 /* AppDelegate.swift */; };
		FB3233EC2B05438C0051E967 /* GetUserFile.swift in Sources */ = {isa = PBXBuildFile; fileRef = FB3233EB2B05438C0051E967 /* GetUserFile.swift */; };
		FB8AC7332AE312CB005A8022 /* LogInFile.swift in Sources */ = {isa = PBXBuildFile; fileRef = FB8AC7322AE312CB005A8022 /* LogInFile.swift */; };
		FB94FEE72B01AB4D0066A98F /* CambioRepartidor.swift in Sources */ = {isa = PBXBuildFile; fileRef = FB94FEE62B01AB4D0066A98F /* CambioRepartidor.swift */; };
		FB98A7E92AFEADF500D0CAB5 /* ConfirmOrderFile.swift in Sources */ = {isa = PBXBuildFile; fileRef = FB98A7E82AFEADF500D0CAB5 /* ConfirmOrderFile.swift */; };
		FBF6CEFB2AE2F06F00E3950A /* SplashView.swift in Sources */ = {isa = PBXBuildFile; fileRef = FBF6CEFA2AE2F06F00E3950A /* SplashView.swift */; };
		FBF6CEFD2AE2F25400E3950A /* Back-Views in Resources */ = {isa = PBXBuildFile; fileRef = FBF6CEFC2AE2F25400E3950A /* Back-Views */; };
/* End PBXBuildFile section */

/* Begin PBXFileReference section */
		53427A002B1128A4004F61F6 /* GetOrderFile.swift */ = {isa = PBXFileReference; lastKnownFileType = sourcecode.swift; path = GetOrderFile.swift; sourceTree = "<group>"; };
		539C60C02AFEF9EF00AB10F2 /* OrdenManagerBarView.swift */ = {isa = PBXFileReference; lastKnownFileType = sourcecode.swift; path = OrdenManagerBarView.swift; sourceTree = "<group>"; };
		539C60C22AFF042500AB10F2 /* ProfileManagerView.swift */ = {isa = PBXFileReference; lastKnownFileType = sourcecode.swift; path = ProfileManagerView.swift; sourceTree = "<group>"; };
		539C60C42AFF08BC00AB10F2 /* LandingManagerView.swift */ = {isa = PBXFileReference; lastKnownFileType = sourcecode.swift; path = LandingManagerView.swift; sourceTree = "<group>"; };
		539C60C62AFF0BBB00AB10F2 /* DetalleOrdenManagerView.swift */ = {isa = PBXFileReference; lastKnownFileType = sourcecode.swift; path = DetalleOrdenManagerView.swift; sourceTree = "<group>"; };
		539C60CC2AFF3D8100AB10F2 /* ManagerProfileView.swift */ = {isa = PBXFileReference; lastKnownFileType = sourcecode.swift; path = ManagerProfileView.swift; sourceTree = "<group>"; };
		539C60CE2B01647300AB10F2 /* ManagerView.swift */ = {isa = PBXFileReference; lastKnownFileType = sourcecode.swift; path = ManagerView.swift; sourceTree = "<group>"; };
		539C60D02B01705E00AB10F2 /* ManagerOrderView.swift */ = {isa = PBXFileReference; lastKnownFileType = sourcecode.swift; path = ManagerOrderView.swift; sourceTree = "<group>"; };
		FB1491412AE04F9900C29C1E /* manitasAPP.mc.app */ = {isa = PBXFileReference; explicitFileType = wrapper.application; includeInIndex = 0; path = manitasAPP.mc.app; sourceTree = BUILT_PRODUCTS_DIR; };
		FB1491442AE04F9900C29C1E /* manitasAPP_mcApp.swift */ = {isa = PBXFileReference; lastKnownFileType = sourcecode.swift; path = manitasAPP_mcApp.swift; sourceTree = "<group>"; };
		FB1491462AE04F9900C29C1E /* ContentView.swift */ = {isa = PBXFileReference; lastKnownFileType = sourcecode.swift; path = ContentView.swift; sourceTree = "<group>"; };
		FB1491482AE04F9A00C29C1E /* Assets.xcassets */ = {isa = PBXFileReference; lastKnownFileType = folder.assetcatalog; path = Assets.xcassets; sourceTree = "<group>"; };
		FB14914B2AE04F9A00C29C1E /* Preview Assets.xcassets */ = {isa = PBXFileReference; lastKnownFileType = folder.assetcatalog; path = "Preview Assets.xcassets"; sourceTree = "<group>"; };
		FB1491522AE04FF000C29C1E /* LandingView.swift */ = {isa = PBXFileReference; lastKnownFileType = sourcecode.swift; path = LandingView.swift; sourceTree = "<group>"; };
		FB1491542AE04FFF00C29C1E /* DetalleOrdenView.swift */ = {isa = PBXFileReference; lastKnownFileType = sourcecode.swift; path = DetalleOrdenView.swift; sourceTree = "<group>"; };
		FB1491592AE0570B00C29C1E /* ProfileBarView.swift */ = {isa = PBXFileReference; lastKnownFileType = sourcecode.swift; path = ProfileBarView.swift; sourceTree = "<group>"; };
		FB14915E2AE075C000C29C1E /* OrdenBarView.swift */ = {isa = PBXFileReference; lastKnownFileType = sourcecode.swift; path = OrdenBarView.swift; sourceTree = "<group>"; };
		FB1491602AE19FB100C29C1E /* ProfileView.swift */ = {isa = PBXFileReference; lastKnownFileType = sourcecode.swift; path = ProfileView.swift; sourceTree = "<group>"; };
		FB1491622AE1B0E900C29C1E /* TabView.swift */ = {isa = PBXFileReference; lastKnownFileType = sourcecode.swift; path = TabView.swift; sourceTree = "<group>"; };
		FB23D5632B1111B4008371A6 /* ChangeEmployeeFile.swift */ = {isa = PBXFileReference; lastKnownFileType = sourcecode.swift; path = ChangeEmployeeFile.swift; sourceTree = "<group>"; };
		FB23D5652B1112C3008371A6 /* CrashModel.swift */ = {isa = PBXFileReference; lastKnownFileType = sourcecode.swift; path = CrashModel.swift; sourceTree = "<group>"; };
		FB23D5672B1112F1008371A6 /* AppDelegate.swift */ = {isa = PBXFileReference; lastKnownFileType = sourcecode.swift; path = AppDelegate.swift; sourceTree = "<group>"; };
		FB3233EB2B05438C0051E967 /* GetUserFile.swift */ = {isa = PBXFileReference; lastKnownFileType = sourcecode.swift; path = GetUserFile.swift; sourceTree = "<group>"; };
		FB8AC7322AE312CB005A8022 /* LogInFile.swift */ = {isa = PBXFileReference; lastKnownFileType = sourcecode.swift; path = LogInFile.swift; sourceTree = "<group>"; };
		FB94FEE62B01AB4D0066A98F /* CambioRepartidor.swift */ = {isa = PBXFileReference; lastKnownFileType = sourcecode.swift; path = CambioRepartidor.swift; sourceTree = "<group>"; };
		FB98A7E82AFEADF500D0CAB5 /* ConfirmOrderFile.swift */ = {isa = PBXFileReference; lastKnownFileType = sourcecode.swift; path = ConfirmOrderFile.swift; sourceTree = "<group>"; };
		FBF6CEFA2AE2F06F00E3950A /* SplashView.swift */ = {isa = PBXFileReference; fileEncoding = 4; lastKnownFileType = sourcecode.swift; path = SplashView.swift; sourceTree = "<group>"; };
		FBF6CEFC2AE2F25400E3950A /* Back-Views */ = {isa = PBXFileReference; lastKnownFileType = folder; path = "Back-Views"; sourceTree = "<group>"; };
/* End PBXFileReference section */

/* Begin PBXFrameworksBuildPhase section */
		FB14913E2AE04F9900C29C1E /* Frameworks */ = {
			isa = PBXFrameworksBuildPhase;
			buildActionMask = 2147483647;
			files = (
			);
			runOnlyForDeploymentPostprocessing = 0;
		};
/* End PBXFrameworksBuildPhase section */

/* Begin PBXGroup section */
		FB1491382AE04F9900C29C1E = {
			isa = PBXGroup;
			children = (
				FB23D5652B1112C3008371A6 /* CrashModel.swift */,
				FB23D5672B1112F1008371A6 /* AppDelegate.swift */,
				FB1491432AE04F9900C29C1E /* manitasAPP.mc */,
				FB1491422AE04F9900C29C1E /* Products */,
			);
			sourceTree = "<group>";
		};
		FB1491422AE04F9900C29C1E /* Products */ = {
			isa = PBXGroup;
			children = (
				FB1491412AE04F9900C29C1E /* manitasAPP.mc.app */,
			);
			name = Products;
			sourceTree = "<group>";
		};
		FB1491432AE04F9900C29C1E /* manitasAPP.mc */ = {
			isa = PBXGroup;
			children = (
				FB1491562AE0533100C29C1E /* Views */,
				FBF6CEFC2AE2F25400E3950A /* Back-Views */,
				FB1491442AE04F9900C29C1E /* manitasAPP_mcApp.swift */,
				FB1491482AE04F9A00C29C1E /* Assets.xcassets */,
				FB14914A2AE04F9A00C29C1E /* Preview Content */,
			);
			path = manitasAPP.mc;
			sourceTree = "<group>";
		};
		FB14914A2AE04F9A00C29C1E /* Preview Content */ = {
			isa = PBXGroup;
			children = (
				FB14914B2AE04F9A00C29C1E /* Preview Assets.xcassets */,
			);
			path = "Preview Content";
			sourceTree = "<group>";
		};
		FB1491562AE0533100C29C1E /* Views */ = {
			isa = PBXGroup;
			children = (
				FB3233EA2B0543370051E967 /* 1a. SPLASH */,
				FB3233DF2B05414F0051E967 /* 1. LOG IN */,
				FB14915D2AE075A000C29C1E /* 2. LANDING */,
				FB3233E42B05423A0051E967 /* 3. DETALLE ORDEN */,
				FB3233E72B0542B60051E967 /* 4. PROFILE */,
			);
			path = Views;
			sourceTree = "<group>";
		};
		FB14915D2AE075A000C29C1E /* 2. LANDING */ = {
			isa = PBXGroup;
			children = (
				FB3233E22B05419A0051E967 /* Front LANDING */,
			);
			path = "2. LANDING";
			sourceTree = "<group>";
		};
		FB3233DF2B05414F0051E967 /* 1. LOG IN */ = {
			isa = PBXGroup;
			children = (
				FB3233E02B0541610051E967 /* Front LOG IN */,
				FB3233E12B05416C0051E967 /* Back LOG IN */,
			);
			path = "1. LOG IN";
			sourceTree = "<group>";
		};
		FB3233E02B0541610051E967 /* Front LOG IN */ = {
			isa = PBXGroup;
			children = (
				FB1491462AE04F9900C29C1E /* ContentView.swift */,
			);
			path = "Front LOG IN";
			sourceTree = "<group>";
		};
		FB3233E12B05416C0051E967 /* Back LOG IN */ = {
			isa = PBXGroup;
			children = (
				FB8AC7322AE312CB005A8022 /* LogInFile.swift */,
				FB3233EB2B05438C0051E967 /* GetUserFile.swift */,
			);
			path = "Back LOG IN";
			sourceTree = "<group>";
		};
		FB3233E22B05419A0051E967 /* Front LANDING */ = {
			isa = PBXGroup;
			children = (
				FB1491522AE04FF000C29C1E /* LandingView.swift */,
				539C60CE2B01647300AB10F2 /* ManagerView.swift */,
				FB3233E32B0541A40051E967 /* Componentes LANDING */,
			);
			path = "Front LANDING";
			sourceTree = "<group>";
		};
		FB3233E32B0541A40051E967 /* Componentes LANDING */ = {
			isa = PBXGroup;
			children = (
				FB1491592AE0570B00C29C1E /* ProfileBarView.swift */,
				539C60C22AFF042500AB10F2 /* ProfileManagerView.swift */,
				FB14915E2AE075C000C29C1E /* OrdenBarView.swift */,
				539C60C02AFEF9EF00AB10F2 /* OrdenManagerBarView.swift */,
				539C60D02B01705E00AB10F2 /* ManagerOrderView.swift */,
				FB1491622AE1B0E900C29C1E /* TabView.swift */,
			);
			path = "Componentes LANDING";
			sourceTree = "<group>";
		};
		FB3233E42B05423A0051E967 /* 3. DETALLE ORDEN */ = {
			isa = PBXGroup;
			children = (
				FB3233E52B0542580051E967 /* Front DETALLE ORDEN */,
				FB3233E62B0542950051E967 /* Back DETALLE ORDEN */,
			);
			path = "3. DETALLE ORDEN";
			sourceTree = "<group>";
		};
		FB3233E52B0542580051E967 /* Front DETALLE ORDEN */ = {
			isa = PBXGroup;
			children = (
				FB1491542AE04FFF00C29C1E /* DetalleOrdenView.swift */,
				539C60C62AFF0BBB00AB10F2 /* DetalleOrdenManagerView.swift */,
				539C60C42AFF08BC00AB10F2 /* LandingManagerView.swift */,
				FB94FEE62B01AB4D0066A98F /* CambioRepartidor.swift */,
			);
			path = "Front DETALLE ORDEN";
			sourceTree = "<group>";
		};
		FB3233E62B0542950051E967 /* Back DETALLE ORDEN */ = {
			isa = PBXGroup;
			children = (
				FB98A7E82AFEADF500D0CAB5 /* ConfirmOrderFile.swift */,
				FB23D5632B1111B4008371A6 /* ChangeEmployeeFile.swift */,
				53427A002B1128A4004F61F6 /* GetOrderFile.swift */,
			);
			path = "Back DETALLE ORDEN";
			sourceTree = "<group>";
		};
		FB3233E72B0542B60051E967 /* 4. PROFILE */ = {
			isa = PBXGroup;
			children = (
				FB3233E82B0542C20051E967 /* Front PROFILE */,
			);
			path = "4. PROFILE";
			sourceTree = "<group>";
		};
		FB3233E82B0542C20051E967 /* Front PROFILE */ = {
			isa = PBXGroup;
			children = (
				FB1491602AE19FB100C29C1E /* ProfileView.swift */,
				539C60CC2AFF3D8100AB10F2 /* ManagerProfileView.swift */,
			);
			path = "Front PROFILE";
			sourceTree = "<group>";
		};
		FB3233EA2B0543370051E967 /* 1a. SPLASH */ = {
			isa = PBXGroup;
			children = (
				FBF6CEFA2AE2F06F00E3950A /* SplashView.swift */,
			);
			path = "1a. SPLASH";
			sourceTree = "<group>";
		};
/* End PBXGroup section */

/* Begin PBXNativeTarget section */
		FB1491402AE04F9900C29C1E /* manitasAPP.mc */ = {
			isa = PBXNativeTarget;
			buildConfigurationList = FB14914F2AE04F9A00C29C1E /* Build configuration list for PBXNativeTarget "manitasAPP.mc" */;
			buildPhases = (
				FB14913D2AE04F9900C29C1E /* Sources */,
				FB14913E2AE04F9900C29C1E /* Frameworks */,
				FB14913F2AE04F9900C29C1E /* Resources */,
			);
			buildRules = (
			);
			dependencies = (
			);
			name = manitasAPP.mc;
			productName = manitasAPP.mc;
			productReference = FB1491412AE04F9900C29C1E /* manitasAPP.mc.app */;
			productType = "com.apple.product-type.application";
		};
/* End PBXNativeTarget section */

/* Begin PBXProject section */
		FB1491392AE04F9900C29C1E /* Project object */ = {
			isa = PBXProject;
			attributes = {
				BuildIndependentTargetsInParallel = 1;
				LastSwiftUpdateCheck = 1430;
				LastUpgradeCheck = 1430;
				TargetAttributes = {
					FB1491402AE04F9900C29C1E = {
						CreatedOnToolsVersion = 14.3.1;
					};
				};
			};
			buildConfigurationList = FB14913C2AE04F9900C29C1E /* Build configuration list for PBXProject "manitasAPP.mc" */;
			compatibilityVersion = "Xcode 14.0";
			developmentRegion = en;
			hasScannedForEncodings = 0;
			knownRegions = (
				en,
				Base,
			);
			mainGroup = FB1491382AE04F9900C29C1E;
			productRefGroup = FB1491422AE04F9900C29C1E /* Products */;
			projectDirPath = "";
			projectRoot = "";
			targets = (
				FB1491402AE04F9900C29C1E /* manitasAPP.mc */,
			);
		};
/* End PBXProject section */

/* Begin PBXResourcesBuildPhase section */
		FB14913F2AE04F9900C29C1E /* Resources */ = {
			isa = PBXResourcesBuildPhase;
			buildActionMask = 2147483647;
			files = (
				FB14914C2AE04F9A00C29C1E /* Preview Assets.xcassets in Resources */,
				FBF6CEFD2AE2F25400E3950A /* Back-Views in Resources */,
				FB1491492AE04F9A00C29C1E /* Assets.xcassets in Resources */,
			);
			runOnlyForDeploymentPostprocessing = 0;
		};
/* End PBXResourcesBuildPhase section */

/* Begin PBXSourcesBuildPhase section */
		FB14913D2AE04F9900C29C1E /* Sources */ = {
			isa = PBXSourcesBuildPhase;
			buildActionMask = 2147483647;
			files = (
				FB1491612AE19FB100C29C1E /* ProfileView.swift in Sources */,
				539C60C72AFF0BBB00AB10F2 /* DetalleOrdenManagerView.swift in Sources */,
				FB1491532AE04FF000C29C1E /* LandingView.swift in Sources */,
				FB1491472AE04F9900C29C1E /* ContentView.swift in Sources */,
				FB8AC7332AE312CB005A8022 /* LogInFile.swift in Sources */,
				FB14915A2AE0570B00C29C1E /* ProfileBarView.swift in Sources */,
				539C60D12B01705E00AB10F2 /* ManagerOrderView.swift in Sources */,
				FB14915F2AE075C000C29C1E /* OrdenBarView.swift in Sources */,
				539C60CD2AFF3D8100AB10F2 /* ManagerProfileView.swift in Sources */,
				53427A012B1128A4004F61F6 /* GetOrderFile.swift in Sources */,
				539C60C52AFF08BC00AB10F2 /* LandingManagerView.swift in Sources */,
				539C60C12AFEF9EF00AB10F2 /* OrdenManagerBarView.swift in Sources */,
				FB94FEE72B01AB4D0066A98F /* CambioRepartidor.swift in Sources */,
				FB23D5642B1111B4008371A6 /* ChangeEmployeeFile.swift in Sources */,
				FB23D5662B1112C3008371A6 /* CrashModel.swift in Sources */,
				FB1491452AE04F9900C29C1E /* manitasAPP_mcApp.swift in Sources */,
				FB1491632AE1B0E900C29C1E /* TabView.swift in Sources */,
				539C60C32AFF042500AB10F2 /* ProfileManagerView.swift in Sources */,
				FB3233EC2B05438C0051E967 /* GetUserFile.swift in Sources */,
				FB1491552AE04FFF00C29C1E /* DetalleOrdenView.swift in Sources */,
				FBF6CEFB2AE2F06F00E3950A /* SplashView.swift in Sources */,
				FB98A7E92AFEADF500D0CAB5 /* ConfirmOrderFile.swift in Sources */,
				539C60CF2B01647300AB10F2 /* ManagerView.swift in Sources */,
				FB23D5682B1112F1008371A6 /* AppDelegate.swift in Sources */,
			);
			runOnlyForDeploymentPostprocessing = 0;
		};
/* End PBXSourcesBuildPhase section */

/* Begin XCBuildConfiguration section */
		FB14914D2AE04F9A00C29C1E /* Debug */ = {
			isa = XCBuildConfiguration;
			buildSettings = {
				ALWAYS_SEARCH_USER_PATHS = NO;
				CLANG_ANALYZER_NONNULL = YES;
				CLANG_ANALYZER_NUMBER_OBJECT_CONVERSION = YES_AGGRESSIVE;
				CLANG_CXX_LANGUAGE_STANDARD = "gnu++20";
				CLANG_ENABLE_MODULES = YES;
				CLANG_ENABLE_OBJC_ARC = YES;
				CLANG_ENABLE_OBJC_WEAK = YES;
				CLANG_WARN_BLOCK_CAPTURE_AUTORELEASING = YES;
				CLANG_WARN_BOOL_CONVERSION = YES;
				CLANG_WARN_COMMA = YES;
				CLANG_WARN_CONSTANT_CONVERSION = YES;
				CLANG_WARN_DEPRECATED_OBJC_IMPLEMENTATIONS = YES;
				CLANG_WARN_DIRECT_OBJC_ISA_USAGE = YES_ERROR;
				CLANG_WARN_DOCUMENTATION_COMMENTS = YES;
				CLANG_WARN_EMPTY_BODY = YES;
				CLANG_WARN_ENUM_CONVERSION = YES;
				CLANG_WARN_INFINITE_RECURSION = YES;
				CLANG_WARN_INT_CONVERSION = YES;
				CLANG_WARN_NON_LITERAL_NULL_CONVERSION = YES;
				CLANG_WARN_OBJC_IMPLICIT_RETAIN_SELF = YES;
				CLANG_WARN_OBJC_LITERAL_CONVERSION = YES;
				CLANG_WARN_OBJC_ROOT_CLASS = YES_ERROR;
				CLANG_WARN_QUOTED_INCLUDE_IN_FRAMEWORK_HEADER = YES;
				CLANG_WARN_RANGE_LOOP_ANALYSIS = YES;
				CLANG_WARN_STRICT_PROTOTYPES = YES;
				CLANG_WARN_SUSPICIOUS_MOVE = YES;
				CLANG_WARN_UNGUARDED_AVAILABILITY = YES_AGGRESSIVE;
				CLANG_WARN_UNREACHABLE_CODE = YES;
				CLANG_WARN__DUPLICATE_METHOD_MATCH = YES;
				COPY_PHASE_STRIP = NO;
				DEBUG_INFORMATION_FORMAT = dwarf;
				ENABLE_STRICT_OBJC_MSGSEND = YES;
				ENABLE_TESTABILITY = YES;
				GCC_C_LANGUAGE_STANDARD = gnu11;
				GCC_DYNAMIC_NO_PIC = NO;
				GCC_NO_COMMON_BLOCKS = YES;
				GCC_OPTIMIZATION_LEVEL = 0;
				GCC_PREPROCESSOR_DEFINITIONS = (
					"DEBUG=1",
					"$(inherited)",
				);
				GCC_WARN_64_TO_32_BIT_CONVERSION = YES;
				GCC_WARN_ABOUT_RETURN_TYPE = YES_ERROR;
				GCC_WARN_UNDECLARED_SELECTOR = YES;
				GCC_WARN_UNINITIALIZED_AUTOS = YES_AGGRESSIVE;
				GCC_WARN_UNUSED_FUNCTION = YES;
				GCC_WARN_UNUSED_VARIABLE = YES;
				IPHONEOS_DEPLOYMENT_TARGET = 16.4;
				MTL_ENABLE_DEBUG_INFO = INCLUDE_SOURCE;
				MTL_FAST_MATH = YES;
				ONLY_ACTIVE_ARCH = YES;
				SDKROOT = iphoneos;
				SWIFT_ACTIVE_COMPILATION_CONDITIONS = DEBUG;
				SWIFT_OPTIMIZATION_LEVEL = "-Onone";
			};
			name = Debug;
		};
		FB14914E2AE04F9A00C29C1E /* Release */ = {
			isa = XCBuildConfiguration;
			buildSettings = {
				ALWAYS_SEARCH_USER_PATHS = NO;
				CLANG_ANALYZER_NONNULL = YES;
				CLANG_ANALYZER_NUMBER_OBJECT_CONVERSION = YES_AGGRESSIVE;
				CLANG_CXX_LANGUAGE_STANDARD = "gnu++20";
				CLANG_ENABLE_MODULES = YES;
				CLANG_ENABLE_OBJC_ARC = YES;
				CLANG_ENABLE_OBJC_WEAK = YES;
				CLANG_WARN_BLOCK_CAPTURE_AUTORELEASING = YES;
				CLANG_WARN_BOOL_CONVERSION = YES;
				CLANG_WARN_COMMA = YES;
				CLANG_WARN_CONSTANT_CONVERSION = YES;
				CLANG_WARN_DEPRECATED_OBJC_IMPLEMENTATIONS = YES;
				CLANG_WARN_DIRECT_OBJC_ISA_USAGE = YES_ERROR;
				CLANG_WARN_DOCUMENTATION_COMMENTS = YES;
				CLANG_WARN_EMPTY_BODY = YES;
				CLANG_WARN_ENUM_CONVERSION = YES;
				CLANG_WARN_INFINITE_RECURSION = YES;
				CLANG_WARN_INT_CONVERSION = YES;
				CLANG_WARN_NON_LITERAL_NULL_CONVERSION = YES;
				CLANG_WARN_OBJC_IMPLICIT_RETAIN_SELF = YES;
				CLANG_WARN_OBJC_LITERAL_CONVERSION = YES;
				CLANG_WARN_OBJC_ROOT_CLASS = YES_ERROR;
				CLANG_WARN_QUOTED_INCLUDE_IN_FRAMEWORK_HEADER = YES;
				CLANG_WARN_RANGE_LOOP_ANALYSIS = YES;
				CLANG_WARN_STRICT_PROTOTYPES = YES;
				CLANG_WARN_SUSPICIOUS_MOVE = YES;
				CLANG_WARN_UNGUARDED_AVAILABILITY = YES_AGGRESSIVE;
				CLANG_WARN_UNREACHABLE_CODE = YES;
				CLANG_WARN__DUPLICATE_METHOD_MATCH = YES;
				COPY_PHASE_STRIP = NO;
				DEBUG_INFORMATION_FORMAT = "dwarf-with-dsym";
				ENABLE_NS_ASSERTIONS = NO;
				ENABLE_STRICT_OBJC_MSGSEND = YES;
				GCC_C_LANGUAGE_STANDARD = gnu11;
				GCC_NO_COMMON_BLOCKS = YES;
				GCC_WARN_64_TO_32_BIT_CONVERSION = YES;
				GCC_WARN_ABOUT_RETURN_TYPE = YES_ERROR;
				GCC_WARN_UNDECLARED_SELECTOR = YES;
				GCC_WARN_UNINITIALIZED_AUTOS = YES_AGGRESSIVE;
				GCC_WARN_UNUSED_FUNCTION = YES;
				GCC_WARN_UNUSED_VARIABLE = YES;
				IPHONEOS_DEPLOYMENT_TARGET = 16.4;
				MTL_ENABLE_DEBUG_INFO = NO;
				MTL_FAST_MATH = YES;
				SDKROOT = iphoneos;
				SWIFT_COMPILATION_MODE = wholemodule;
				SWIFT_OPTIMIZATION_LEVEL = "-O";
				VALIDATE_PRODUCT = YES;
			};
			name = Release;
		};
		FB1491502AE04F9A00C29C1E /* Debug */ = {
			isa = XCBuildConfiguration;
			buildSettings = {
				ASSETCATALOG_COMPILER_APPICON_NAME = AppIcon;
				ASSETCATALOG_COMPILER_GLOBAL_ACCENT_COLOR_NAME = AccentColor;
				CODE_SIGN_STYLE = Automatic;
				CURRENT_PROJECT_VERSION = 1;
				DEVELOPMENT_ASSET_PATHS = "\"manitasAPP.mc/Preview Content\"";
				DEVELOPMENT_TEAM = 6669DVNGM6;
				ENABLE_PREVIEWS = YES;
				GENERATE_INFOPLIST_FILE = YES;
				INFOPLIST_FILE = "manitasAPP-mc-Info.plist";
				INFOPLIST_KEY_UIApplicationSceneManifest_Generation = YES;
				INFOPLIST_KEY_UIApplicationSupportsIndirectInputEvents = YES;
				INFOPLIST_KEY_UILaunchScreen_Generation = YES;
				INFOPLIST_KEY_UISupportedInterfaceOrientations_iPad = "UIInterfaceOrientationPortrait UIInterfaceOrientationPortraitUpsideDown UIInterfaceOrientationLandscapeLeft UIInterfaceOrientationLandscapeRight";
				INFOPLIST_KEY_UISupportedInterfaceOrientations_iPhone = "UIInterfaceOrientationPortrait UIInterfaceOrientationLandscapeLeft UIInterfaceOrientationLandscapeRight";
				IPHONEOS_DEPLOYMENT_TARGET = 16.0;
				LD_RUNPATH_SEARCH_PATHS = (
					"$(inherited)",
					"@executable_path/Frameworks",
				);
				MARKETING_VERSION = 1.0;
				PRODUCT_BUNDLE_IDENTIFIER = Romo;
				PRODUCT_NAME = "$(TARGET_NAME)";
				SUPPORTED_PLATFORMS = "iphoneos iphonesimulator";
				SUPPORTS_MACCATALYST = NO;
				SUPPORTS_MAC_DESIGNED_FOR_IPHONE_IPAD = YES;
				SWIFT_EMIT_LOC_STRINGS = YES;
				SWIFT_VERSION = 5.0;
				TARGETED_DEVICE_FAMILY = 1;
			};
			name = Debug;
		};
		FB1491512AE04F9A00C29C1E /* Release */ = {
			isa = XCBuildConfiguration;
			buildSettings = {
				ASSETCATALOG_COMPILER_APPICON_NAME = AppIcon;
				ASSETCATALOG_COMPILER_GLOBAL_ACCENT_COLOR_NAME = AccentColor;
				CODE_SIGN_STYLE = Automatic;
				CURRENT_PROJECT_VERSION = 1;
				DEVELOPMENT_ASSET_PATHS = "\"manitasAPP.mc/Preview Content\"";
				DEVELOPMENT_TEAM = 6669DVNGM6;
				ENABLE_PREVIEWS = YES;
				GENERATE_INFOPLIST_FILE = YES;
				INFOPLIST_FILE = "manitasAPP-mc-Info.plist";
				INFOPLIST_KEY_UIApplicationSceneManifest_Generation = YES;
				INFOPLIST_KEY_UIApplicationSupportsIndirectInputEvents = YES;
				INFOPLIST_KEY_UILaunchScreen_Generation = YES;
				INFOPLIST_KEY_UISupportedInterfaceOrientations_iPad = "UIInterfaceOrientationPortrait UIInterfaceOrientationPortraitUpsideDown UIInterfaceOrientationLandscapeLeft UIInterfaceOrientationLandscapeRight";
				INFOPLIST_KEY_UISupportedInterfaceOrientations_iPhone = "UIInterfaceOrientationPortrait UIInterfaceOrientationLandscapeLeft UIInterfaceOrientationLandscapeRight";
				IPHONEOS_DEPLOYMENT_TARGET = 16.0;
				LD_RUNPATH_SEARCH_PATHS = (
					"$(inherited)",
					"@executable_path/Frameworks",
				);
				MARKETING_VERSION = 1.0;
				PRODUCT_BUNDLE_IDENTIFIER = Romo;
				PRODUCT_NAME = "$(TARGET_NAME)";
				SUPPORTED_PLATFORMS = "iphoneos iphonesimulator";
				SUPPORTS_MACCATALYST = NO;
				SUPPORTS_MAC_DESIGNED_FOR_IPHONE_IPAD = YES;
				SWIFT_EMIT_LOC_STRINGS = YES;
				SWIFT_VERSION = 5.0;
				TARGETED_DEVICE_FAMILY = 1;
			};
			name = Release;
		};
/* End XCBuildConfiguration section */

/* Begin XCConfigurationList section */
		FB14913C2AE04F9900C29C1E /* Build configuration list for PBXProject "manitasAPP.mc" */ = {
			isa = XCConfigurationList;
			buildConfigurations = (
				FB14914D2AE04F9A00C29C1E /* Debug */,
				FB14914E2AE04F9A00C29C1E /* Release */,
			);
			defaultConfigurationIsVisible = 0;
			defaultConfigurationName = Release;
		};
		FB14914F2AE04F9A00C29C1E /* Build configuration list for PBXNativeTarget "manitasAPP.mc" */ = {
			isa = XCConfigurationList;
			buildConfigurations = (
				FB1491502AE04F9A00C29C1E /* Debug */,
				FB1491512AE04F9A00C29C1E /* Release */,
			);
			defaultConfigurationIsVisible = 0;
			defaultConfigurationName = Release;
		};
/* End XCConfigurationList section */
	};
	rootObject = FB1491392AE04F9900C29C1E /* Project object */;
}
